// !$*UTF8*$!
{
	archiveVersion = 1;
	classes = {
	};
	objectVersion = 56;
	objects = {

/* Begin PBXBuildFile section */
		6ED4B7202A3A8B060026CB1E /* WT_TodoApp.swift in Sources */ = {isa = PBXBuildFile; fileRef = 6ED4B71F2A3A8B060026CB1E /* WT_TodoApp.swift */; };
		6ED4B7222A3A8B060026CB1E /* TasksList.swift in Sources */ = {isa = PBXBuildFile; fileRef = 6ED4B7212A3A8B060026CB1E /* TasksList.swift */; };
		6ED4B7242A3A8B070026CB1E /* Assets.xcassets in Resources */ = {isa = PBXBuildFile; fileRef = 6ED4B7232A3A8B070026CB1E /* Assets.xcassets */; };
		6ED4B7272A3A8B070026CB1E /* Preview Assets.xcassets in Resources */ = {isa = PBXBuildFile; fileRef = 6ED4B7262A3A8B070026CB1E /* Preview Assets.xcassets */; };
		6ED4B72E2A3A8E300026CB1E /* ToDoTask.swift in Sources */ = {isa = PBXBuildFile; fileRef = 6ED4B72D2A3A8E300026CB1E /* ToDoTask.swift */; };
		6ED4B7302A3A8E510026CB1E /* TaskCreateView.swift in Sources */ = {isa = PBXBuildFile; fileRef = 6ED4B72F2A3A8E510026CB1E /* TaskCreateView.swift */; };
		6ED4B7382A3A8FCD0026CB1E /* WT_TodoUITests.swift in Sources */ = {isa = PBXBuildFile; fileRef = 6ED4B7372A3A8FCD0026CB1E /* WT_TodoUITests.swift */; };
		6ED4B73A2A3A8FCD0026CB1E /* WT_TodoUITestsLaunchTests.swift in Sources */ = {isa = PBXBuildFile; fileRef = 6ED4B7392A3A8FCD0026CB1E /* WT_TodoUITestsLaunchTests.swift */; };
/* End PBXBuildFile section */

/* Begin PBXContainerItemProxy section */
		6ED4B73B2A3A8FCD0026CB1E /* PBXContainerItemProxy */ = {
			isa = PBXContainerItemProxy;
			containerPortal = 6ED4B7142A3A8B060026CB1E /* Project object */;
			proxyType = 1;
			remoteGlobalIDString = 6ED4B71B2A3A8B060026CB1E;
			remoteInfo = "WT-Todo";
		};
/* End PBXContainerItemProxy section */

/* Begin PBXFileReference section */
		6E9A09042A3B5CEA004C85DB /* TestPlan.xctestplan */ = {isa = PBXFileReference; lastKnownFileType = text; path = TestPlan.xctestplan; sourceTree = "<group>"; };
		6ED4B71C2A3A8B060026CB1E /* WT-Todo.app */ = {isa = PBXFileReference; explicitFileType = wrapper.application; includeInIndex = 0; path = "WT-Todo.app"; sourceTree = BUILT_PRODUCTS_DIR; };
		6ED4B71F2A3A8B060026CB1E /* WT_TodoApp.swift */ = {isa = PBXFileReference; lastKnownFileType = sourcecode.swift; path = WT_TodoApp.swift; sourceTree = "<group>"; };
		6ED4B7212A3A8B060026CB1E /* TasksList.swift */ = {isa = PBXFileReference; lastKnownFileType = sourcecode.swift; path = TasksList.swift; sourceTree = "<group>"; };
		6ED4B7232A3A8B070026CB1E /* Assets.xcassets */ = {isa = PBXFileReference; lastKnownFileType = folder.assetcatalog; path = Assets.xcassets; sourceTree = "<group>"; };
		6ED4B7262A3A8B070026CB1E /* Preview Assets.xcassets */ = {isa = PBXFileReference; lastKnownFileType = folder.assetcatalog; path = "Preview Assets.xcassets"; sourceTree = "<group>"; };
		6ED4B72D2A3A8E300026CB1E /* ToDoTask.swift */ = {isa = PBXFileReference; lastKnownFileType = sourcecode.swift; path = ToDoTask.swift; sourceTree = "<group>"; };
		6ED4B72F2A3A8E510026CB1E /* TaskCreateView.swift */ = {isa = PBXFileReference; lastKnownFileType = sourcecode.swift; path = TaskCreateView.swift; sourceTree = "<group>"; };
		6ED4B7352A3A8FCD0026CB1E /* WT-TodoUITests.xctest */ = {isa = PBXFileReference; explicitFileType = wrapper.cfbundle; includeInIndex = 0; path = "WT-TodoUITests.xctest"; sourceTree = BUILT_PRODUCTS_DIR; };
		6ED4B7372A3A8FCD0026CB1E /* WT_TodoUITests.swift */ = {isa = PBXFileReference; lastKnownFileType = sourcecode.swift; path = WT_TodoUITests.swift; sourceTree = "<group>"; };
		6ED4B7392A3A8FCD0026CB1E /* WT_TodoUITestsLaunchTests.swift */ = {isa = PBXFileReference; lastKnownFileType = sourcecode.swift; path = WT_TodoUITestsLaunchTests.swift; sourceTree = "<group>"; };
/* End PBXFileReference section */

/* Begin PBXFrameworksBuildPhase section */
		6ED4B7192A3A8B060026CB1E /* Frameworks */ = {
			isa = PBXFrameworksBuildPhase;
			buildActionMask = 2147483647;
			files = (
			);
			runOnlyForDeploymentPostprocessing = 0;
		};
		6ED4B7322A3A8FCD0026CB1E /* Frameworks */ = {
			isa = PBXFrameworksBuildPhase;
			buildActionMask = 2147483647;
			files = (
			);
			runOnlyForDeploymentPostprocessing = 0;
		};
/* End PBXFrameworksBuildPhase section */

/* Begin PBXGroup section */
		6ED4B7132A3A8B060026CB1E = {
			isa = PBXGroup;
			children = (
				6E9A09042A3B5CEA004C85DB /* TestPlan.xctestplan */,
				6ED4B71E2A3A8B060026CB1E /* WT-Todo */,
				6ED4B7362A3A8FCD0026CB1E /* WT-TodoUITests */,
				6ED4B71D2A3A8B060026CB1E /* Products */,
			);
			sourceTree = "<group>";
		};
		6ED4B71D2A3A8B060026CB1E /* Products */ = {
			isa = PBXGroup;
			children = (
				6ED4B71C2A3A8B060026CB1E /* WT-Todo.app */,
				6ED4B7352A3A8FCD0026CB1E /* WT-TodoUITests.xctest */,
			);
			name = Products;
			sourceTree = "<group>";
		};
		6ED4B71E2A3A8B060026CB1E /* WT-Todo */ = {
			isa = PBXGroup;
			children = (
				6ED4B71F2A3A8B060026CB1E /* WT_TodoApp.swift */,
				6ED4B7212A3A8B060026CB1E /* TasksList.swift */,
				6ED4B72F2A3A8E510026CB1E /* TaskCreateView.swift */,
				6ED4B72D2A3A8E300026CB1E /* ToDoTask.swift */,
				6ED4B7232A3A8B070026CB1E /* Assets.xcassets */,
				6ED4B7252A3A8B070026CB1E /* Preview Content */,
			);
			path = "WT-Todo";
			sourceTree = "<group>";
		};
		6ED4B7252A3A8B070026CB1E /* Preview Content */ = {
			isa = PBXGroup;
			children = (
				6ED4B7262A3A8B070026CB1E /* Preview Assets.xcassets */,
			);
			path = "Preview Content";
			sourceTree = "<group>";
		};
		6ED4B7362A3A8FCD0026CB1E /* WT-TodoUITests */ = {
			isa = PBXGroup;
			children = (
				6ED4B7372A3A8FCD0026CB1E /* WT_TodoUITests.swift */,
				6ED4B7392A3A8FCD0026CB1E /* WT_TodoUITestsLaunchTests.swift */,
			);
			path = "WT-TodoUITests";
			sourceTree = "<group>";
		};
/* End PBXGroup section */

/* Begin PBXNativeTarget section */
		6ED4B71B2A3A8B060026CB1E /* WT-Todo */ = {
			isa = PBXNativeTarget;
			buildConfigurationList = 6ED4B72A2A3A8B070026CB1E /* Build configuration list for PBXNativeTarget "WT-Todo" */;
			buildPhases = (
				6ED4B7182A3A8B060026CB1E /* Sources */,
				6ED4B7192A3A8B060026CB1E /* Frameworks */,
				6ED4B71A2A3A8B060026CB1E /* Resources */,
			);
			buildRules = (
			);
			dependencies = (
			);
			name = "WT-Todo";
			productName = "WT-Todo";
			productReference = 6ED4B71C2A3A8B060026CB1E /* WT-Todo.app */;
			productType = "com.apple.product-type.application";
		};
		6ED4B7342A3A8FCD0026CB1E /* WT-TodoUITests */ = {
			isa = PBXNativeTarget;
			buildConfigurationList = 6ED4B73D2A3A8FCD0026CB1E /* Build configuration list for PBXNativeTarget "WT-TodoUITests" */;
			buildPhases = (
				6ED4B7312A3A8FCD0026CB1E /* Sources */,
				6ED4B7322A3A8FCD0026CB1E /* Frameworks */,
				6ED4B7332A3A8FCD0026CB1E /* Resources */,
			);
			buildRules = (
			);
			dependencies = (
				6ED4B73C2A3A8FCD0026CB1E /* PBXTargetDependency */,
			);
			name = "WT-TodoUITests";
			productName = "WT-TodoUITests";
			productReference = 6ED4B7352A3A8FCD0026CB1E /* WT-TodoUITests.xctest */;
			productType = "com.apple.product-type.bundle.ui-testing";
		};
/* End PBXNativeTarget section */

/* Begin PBXProject section */
		6ED4B7142A3A8B060026CB1E /* Project object */ = {
			isa = PBXProject;
			attributes = {
				BuildIndependentTargetsInParallel = 1;
				LastSwiftUpdateCheck = 1500;
				LastUpgradeCheck = 1500;
				TargetAttributes = {
					6ED4B71B2A3A8B060026CB1E = {
						CreatedOnToolsVersion = 15.0;
					};
					6ED4B7342A3A8FCD0026CB1E = {
						CreatedOnToolsVersion = 15.0;
						TestTargetID = 6ED4B71B2A3A8B060026CB1E;
					};
				};
			};
			buildConfigurationList = 6ED4B7172A3A8B060026CB1E /* Build configuration list for PBXProject "WT-Todo" */;
			compatibilityVersion = "Xcode 14.0";
			developmentRegion = en;
			hasScannedForEncodings = 0;
			knownRegions = (
				en,
				Base,
			);
			mainGroup = 6ED4B7132A3A8B060026CB1E;
			productRefGroup = 6ED4B71D2A3A8B060026CB1E /* Products */;
			projectDirPath = "";
			projectRoot = "";
			targets = (
				6ED4B71B2A3A8B060026CB1E /* WT-Todo */,
				6ED4B7342A3A8FCD0026CB1E /* WT-TodoUITests */,
			);
		};
/* End PBXProject section */

/* Begin PBXResourcesBuildPhase section */
		6ED4B71A2A3A8B060026CB1E /* Resources */ = {
			isa = PBXResourcesBuildPhase;
			buildActionMask = 2147483647;
			files = (
				6ED4B7272A3A8B070026CB1E /* Preview Assets.xcassets in Resources */,
				6ED4B7242A3A8B070026CB1E /* Assets.xcassets in Resources */,
			);
			runOnlyForDeploymentPostprocessing = 0;
		};
		6ED4B7332A3A8FCD0026CB1E /* Resources */ = {
			isa = PBXResourcesBuildPhase;
			buildActionMask = 2147483647;
			files = (
			);
			runOnlyForDeploymentPostprocessing = 0;
		};
/* End PBXResourcesBuildPhase section */

/* Begin PBXSourcesBuildPhase section */
		6ED4B7182A3A8B060026CB1E /* Sources */ = {
			isa = PBXSourcesBuildPhase;
			buildActionMask = 2147483647;
			files = (
				6ED4B72E2A3A8E300026CB1E /* ToDoTask.swift in Sources */,
				6ED4B7302A3A8E510026CB1E /* TaskCreateView.swift in Sources */,
				6ED4B7222A3A8B060026CB1E /* TasksList.swift in Sources */,
				6ED4B7202A3A8B060026CB1E /* WT_TodoApp.swift in Sources */,
			);
			runOnlyForDeploymentPostprocessing = 0;
		};
		6ED4B7312A3A8FCD0026CB1E /* Sources */ = {
			isa = PBXSourcesBuildPhase;
			buildActionMask = 2147483647;
			files = (
				6ED4B7382A3A8FCD0026CB1E /* WT_TodoUITests.swift in Sources */,
				6ED4B73A2A3A8FCD0026CB1E /* WT_TodoUITestsLaunchTests.swift in Sources */,
			);
			runOnlyForDeploymentPostprocessing = 0;
		};
/* End PBXSourcesBuildPhase section */

/* Begin PBXTargetDependency section */
		6ED4B73C2A3A8FCD0026CB1E /* PBXTargetDependency */ = {
			isa = PBXTargetDependency;
			target = 6ED4B71B2A3A8B060026CB1E /* WT-Todo */;
			targetProxy = 6ED4B73B2A3A8FCD0026CB1E /* PBXContainerItemProxy */;
		};
/* End PBXTargetDependency section */

/* Begin XCBuildConfiguration section */
		6ED4B7282A3A8B070026CB1E /* Debug */ = {
			isa = XCBuildConfiguration;
			buildSettings = {
				ALWAYS_SEARCH_USER_PATHS = NO;
				ASSETCATALOG_COMPILER_GENERATE_SWIFT_ASSET_SYMBOL_EXTENSIONS = YES;
				CLANG_ANALYZER_NONNULL = YES;
				CLANG_ANALYZER_NUMBER_OBJECT_CONVERSION = YES_AGGRESSIVE;
				CLANG_CXX_LANGUAGE_STANDARD = "gnu++20";
				CLANG_ENABLE_MODULES = YES;
				CLANG_ENABLE_OBJC_ARC = YES;
				CLANG_ENABLE_OBJC_WEAK = YES;
				CLANG_WARN_BLOCK_CAPTURE_AUTORELEASING = YES;
				CLANG_WARN_BOOL_CONVERSION = YES;
				CLANG_WARN_COMMA = YES;
				CLANG_WARN_CONSTANT_CONVERSION = YES;
				CLANG_WARN_DEPRECATED_OBJC_IMPLEMENTATIONS = YES;
				CLANG_WARN_DIRECT_OBJC_ISA_USAGE = YES_ERROR;
				CLANG_WARN_DOCUMENTATION_COMMENTS = YES;
				CLANG_WARN_EMPTY_BODY = YES;
				CLANG_WARN_ENUM_CONVERSION = YES;
				CLANG_WARN_INFINITE_RECURSION = YES;
				CLANG_WARN_INT_CONVERSION = YES;
				CLANG_WARN_NON_LITERAL_NULL_CONVERSION = YES;
				CLANG_WARN_OBJC_IMPLICIT_RETAIN_SELF = YES;
				CLANG_WARN_OBJC_LITERAL_CONVERSION = YES;
				CLANG_WARN_OBJC_ROOT_CLASS = YES_ERROR;
				CLANG_WARN_QUOTED_INCLUDE_IN_FRAMEWORK_HEADER = YES;
				CLANG_WARN_RANGE_LOOP_ANALYSIS = YES;
				CLANG_WARN_STRICT_PROTOTYPES = YES;
				CLANG_WARN_SUSPICIOUS_MOVE = YES;
				CLANG_WARN_UNGUARDED_AVAILABILITY = YES_AGGRESSIVE;
				CLANG_WARN_UNREACHABLE_CODE = YES;
				CLANG_WARN__DUPLICATE_METHOD_MATCH = YES;
				COPY_PHASE_STRIP = NO;
				DEBUG_INFORMATION_FORMAT = dwarf;
				ENABLE_STRICT_OBJC_MSGSEND = YES;
				ENABLE_TESTABILITY = YES;
				ENABLE_USER_SCRIPT_SANDBOXING = YES;
				GCC_C_LANGUAGE_STANDARD = gnu17;
				GCC_DYNAMIC_NO_PIC = NO;
				GCC_NO_COMMON_BLOCKS = YES;
				GCC_OPTIMIZATION_LEVEL = 0;
				GCC_PREPROCESSOR_DEFINITIONS = (
					"DEBUG=1",
					"$(inherited)",
				);
				GCC_WARN_64_TO_32_BIT_CONVERSION = YES;
				GCC_WARN_ABOUT_RETURN_TYPE = YES_ERROR;
				GCC_WARN_UNDECLARED_SELECTOR = YES;
				GCC_WARN_UNINITIALIZED_AUTOS = YES_AGGRESSIVE;
				GCC_WARN_UNUSED_FUNCTION = YES;
				GCC_WARN_UNUSED_VARIABLE = YES;
				IPHONEOS_DEPLOYMENT_TARGET = 17.0;
				LOCALIZATION_PREFERS_STRING_CATALOGS = YES;
				MTL_ENABLE_DEBUG_INFO = INCLUDE_SOURCE;
				MTL_FAST_MATH = YES;
				ONLY_ACTIVE_ARCH = YES;
				SDKROOT = iphoneos;
				SWIFT_ACTIVE_COMPILATION_CONDITIONS = "DEBUG $(inherited)";
				SWIFT_OPTIMIZATION_LEVEL = "-Onone";
			};
			name = Debug;
		};
		6ED4B7292A3A8B070026CB1E /* Release */ = {
			isa = XCBuildConfiguration;
			buildSettings = {
				ALWAYS_SEARCH_USER_PATHS = NO;
				ASSETCATALOG_COMPILER_GENERATE_SWIFT_ASSET_SYMBOL_EXTENSIONS = YES;
				CLANG_ANALYZER_NONNULL = YES;
				CLANG_ANALYZER_NUMBER_OBJECT_CONVERSION = YES_AGGRESSIVE;
				CLANG_CXX_LANGUAGE_STANDARD = "gnu++20";
				CLANG_ENABLE_MODULES = YES;
				CLANG_ENABLE_OBJC_ARC = YES;
				CLANG_ENABLE_OBJC_WEAK = YES;
				CLANG_WARN_BLOCK_CAPTURE_AUTORELEASING = YES;
				CLANG_WARN_BOOL_CONVERSION = YES;
				CLANG_WARN_COMMA = YES;
				CLANG_WARN_CONSTANT_CONVERSION = YES;
				CLANG_WARN_DEPRECATED_OBJC_IMPLEMENTATIONS = YES;
				CLANG_WARN_DIRECT_OBJC_ISA_USAGE = YES_ERROR;
				CLANG_WARN_DOCUMENTATION_COMMENTS = YES;
				CLANG_WARN_EMPTY_BODY = YES;
				CLANG_WARN_ENUM_CONVERSION = YES;
				CLANG_WARN_INFINITE_RECURSION = YES;
				CLANG_WARN_INT_CONVERSION = YES;
				CLANG_WARN_NON_LITERAL_NULL_CONVERSION = YES;
				CLANG_WARN_OBJC_IMPLICIT_RETAIN_SELF = YES;
				CLANG_WARN_OBJC_LITERAL_CONVERSION = YES;
				CLANG_WARN_OBJC_ROOT_CLASS = YES_ERROR;
				CLANG_WARN_QUOTED_INCLUDE_IN_FRAMEWORK_HEADER = YES;
				CLANG_WARN_RANGE_LOOP_ANALYSIS = YES;
				CLANG_WARN_STRICT_PROTOTYPES = YES;
				CLANG_WARN_SUSPICIOUS_MOVE = YES;
				CLANG_WARN_UNGUARDED_AVAILABILITY = YES_AGGRESSIVE;
				CLANG_WARN_UNREACHABLE_CODE = YES;
				CLANG_WARN__DUPLICATE_METHOD_MATCH = YES;
				COPY_PHASE_STRIP = NO;
				DEBUG_INFORMATION_FORMAT = "dwarf-with-dsym";
				ENABLE_NS_ASSERTIONS = NO;
				ENABLE_STRICT_OBJC_MSGSEND = YES;
				ENABLE_USER_SCRIPT_SANDBOXING = YES;
				GCC_C_LANGUAGE_STANDARD = gnu17;
				GCC_NO_COMMON_BLOCKS = YES;
				GCC_WARN_64_TO_32_BIT_CONVERSION = YES;
				GCC_WARN_ABOUT_RETURN_TYPE = YES_ERROR;
				GCC_WARN_UNDECLARED_SELECTOR = YES;
				GCC_WARN_UNINITIALIZED_AUTOS = YES_AGGRESSIVE;
				GCC_WARN_UNUSED_FUNCTION = YES;
				GCC_WARN_UNUSED_VARIABLE = YES;
				IPHONEOS_DEPLOYMENT_TARGET = 17.0;
				LOCALIZATION_PREFERS_STRING_CATALOGS = YES;
				MTL_ENABLE_DEBUG_INFO = NO;
				MTL_FAST_MATH = YES;
				SDKROOT = iphoneos;
				SWIFT_COMPILATION_MODE = wholemodule;
				VALIDATE_PRODUCT = YES;
			};
			name = Release;
		};
		6ED4B72B2A3A8B070026CB1E /* Debug */ = {
			isa = XCBuildConfiguration;
			buildSettings = {
				ASSETCATALOG_COMPILER_APPICON_NAME = AppIcon;
				ASSETCATALOG_COMPILER_GLOBAL_ACCENT_COLOR_NAME = AccentColor;
				CODE_SIGN_STYLE = Automatic;
				CURRENT_PROJECT_VERSION = 1;
				DEVELOPMENT_ASSET_PATHS = "\"WT-Todo/Preview Content\"";
				DEVELOPMENT_TEAM = K36HYHZA7X;
				ENABLE_PREVIEWS = YES;
				GENERATE_INFOPLIST_FILE = YES;
				INFOPLIST_KEY_UIApplicationSceneManifest_Generation = YES;
				INFOPLIST_KEY_UIApplicationSupportsIndirectInputEvents = YES;
				INFOPLIST_KEY_UILaunchScreen_Generation = YES;
				INFOPLIST_KEY_UISupportedInterfaceOrientations_iPad = "UIInterfaceOrientationPortrait UIInterfaceOrientationPortraitUpsideDown UIInterfaceOrientationLandscapeLeft UIInterfaceOrientationLandscapeRight";
				INFOPLIST_KEY_UISupportedInterfaceOrientations_iPhone = "UIInterfaceOrientationPortrait UIInterfaceOrientationLandscapeLeft UIInterfaceOrientationLandscapeRight";
				LD_RUNPATH_SEARCH_PATHS = (
					"$(inherited)",
					"@executable_path/Frameworks",
				);
				MARKETING_VERSION = 1.0;
				PRODUCT_BUNDLE_IDENTIFIER = "com.lontronix.WT-Todo";
				PRODUCT_NAME = "$(TARGET_NAME)";
				SWIFT_EMIT_LOC_STRINGS = YES;
				SWIFT_VERSION = 5.0;
				TARGETED_DEVICE_FAMILY = "1,2";
			};
			name = Debug;
		};
		6ED4B72C2A3A8B070026CB1E /* Release */ = {
			isa = XCBuildConfiguration;
			buildSettings = {
				ASSETCATALOG_COMPILER_APPICON_NAME = AppIcon;
				ASSETCATALOG_COMPILER_GLOBAL_ACCENT_COLOR_NAME = AccentColor;
				CODE_SIGN_STYLE = Automatic;
				CURRENT_PROJECT_VERSION = 1;
				DEVELOPMENT_ASSET_PATHS = "\"WT-Todo/Preview Content\"";
				DEVELOPMENT_TEAM = K36HYHZA7X;
				ENABLE_PREVIEWS = YES;
				GENERATE_INFOPLIST_FILE = YES;
				INFOPLIST_KEY_UIApplicationSceneManifest_Generation = YES;
				INFOPLIST_KEY_UIApplicationSupportsIndirectInputEvents = YES;
				INFOPLIST_KEY_UILaunchScreen_Generation = YES;
				INFOPLIST_KEY_UISupportedInterfaceOrientations_iPad = "UIInterfaceOrientationPortrait UIInterfaceOrientationPortraitUpsideDown UIInterfaceOrientationLandscapeLeft UIInterfaceOrientationLandscapeRight";
				INFOPLIST_KEY_UISupportedInterfaceOrientations_iPhone = "UIInterfaceOrientationPortrait UIInterfaceOrientationLandscapeLeft UIInterfaceOrientationLandscapeRight";
				LD_RUNPATH_SEARCH_PATHS = (
					"$(inherited)",
					"@executable_path/Frameworks",
				);
				MARKETING_VERSION = 1.0;
				PRODUCT_BUNDLE_IDENTIFIER = "com.lontronix.WT-Todo";
				PRODUCT_NAME = "$(TARGET_NAME)";
				SWIFT_EMIT_LOC_STRINGS = YES;
				SWIFT_VERSION = 5.0;
				TARGETED_DEVICE_FAMILY = "1,2";
			};
			name = Release;
		};
		6ED4B73E2A3A8FCD0026CB1E /* Debug */ = {
			isa = XCBuildConfiguration;
			buildSettings = {
				CODE_SIGN_STYLE = Automatic;
				CURRENT_PROJECT_VERSION = 1;
				DEVELOPMENT_TEAM = K36HYHZA7X;
				GENERATE_INFOPLIST_FILE = YES;
				MARKETING_VERSION = 1.0;
				PRODUCT_BUNDLE_IDENTIFIER = "com.lontronix.WT-TodoUITests";
				PRODUCT_NAME = "$(TARGET_NAME)";
				SWIFT_EMIT_LOC_STRINGS = NO;
				SWIFT_VERSION = 5.0;
				TARGETED_DEVICE_FAMILY = "1,2";
				TEST_TARGET_NAME = "WT-Todo";
			};
			name = Debug;
		};
		6ED4B73F2A3A8FCD0026CB1E /* Release */ = {
			isa = XCBuildConfiguration;
			buildSettings = {
				CODE_SIGN_STYLE = Automatic;
				CURRENT_PROJECT_VERSION = 1;
				DEVELOPMENT_TEAM = K36HYHZA7X;
				GENERATE_INFOPLIST_FILE = YES;
				MARKETING_VERSION = 1.0;
				PRODUCT_BUNDLE_IDENTIFIER = "com.lontronix.WT-TodoUITests";
				PRODUCT_NAME = "$(TARGET_NAME)";
				SWIFT_EMIT_LOC_STRINGS = NO;
				SWIFT_VERSION = 5.0;
				TARGETED_DEVICE_FAMILY = "1,2";
				TEST_TARGET_NAME = "WT-Todo";
			};
			name = Release;
		};
/* End XCBuildConfiguration section */

/* Begin XCConfigurationList section */
		6ED4B7172A3A8B060026CB1E /* Build configuration list for PBXProject "WT-Todo" */ = {
			isa = XCConfigurationList;
			buildConfigurations = (
				6ED4B7282A3A8B070026CB1E /* Debug */,
				6ED4B7292A3A8B070026CB1E /* Release */,
			);
			defaultConfigurationIsVisible = 0;
			defaultConfigurationName = Release;
		};
		6ED4B72A2A3A8B070026CB1E /* Build configuration list for PBXNativeTarget "WT-Todo" */ = {
			isa = XCConfigurationList;
			buildConfigurations = (
				6ED4B72B2A3A8B070026CB1E /* Debug */,
				6ED4B72C2A3A8B070026CB1E /* Release */,
			);
			defaultConfigurationIsVisible = 0;
			defaultConfigurationName = Release;
		};
		6ED4B73D2A3A8FCD0026CB1E /* Build configuration list for PBXNativeTarget "WT-TodoUITests" */ = {
			isa = XCConfigurationList;
			buildConfigurations = (
				6ED4B73E2A3A8FCD0026CB1E /* Debug */,
				6ED4B73F2A3A8FCD0026CB1E /* Release */,
			);
			defaultConfigurationIsVisible = 0;
			defaultConfigurationName = Release;
		};
/* End XCConfigurationList section */
	};
	rootObject = 6ED4B7142A3A8B060026CB1E /* Project object */;
}
